
Microsoft Visual Studio Solution File, Format Version 12.00
# Visual Studio Version 17
VisualStudioVersion = 17.7.34031.279
MinimumVisualStudioVersion = 10.0.40219.1
Project("{9A19103F-16F7-4668-BE54-9A1E7A4F7556}") = "BulkyWeb", "BulkyWeb\BulkyWeb.csproj", "{179A920B-948C-441D-854D-6E23F34DCD7A}"
EndProject
Project("{FAE04EC0-301F-11D3-BF4B-00C04F79EFBC}") = "BulkyWebRazor", "BulkyWebRazor\BulkyWebRazor.csproj", "{E07BEE65-7237-4F76-81FD-6BE85F36C9E8}"
EndProject
Global
	GlobalSection(SolutionConfigurationPlatforms) = preSolution
		Debug|Any CPU = Debug|Any CPU
		Release|Any CPU = Release|Any CPU
	EndGlobalSection
	GlobalSection(ProjectConfigurationPlatforms) = postSolution
		{179A920B-948C-441D-854D-6E23F34DCD7A}.Debug|Any CPU.ActiveCfg = Debug|Any CPU
		{179A920B-948C-441D-854D-6E23F34DCD7A}.Debug|Any CPU.Build.0 = Debug|Any CPU
		{179A920B-948C-441D-854D-6E23F34DCD7A}.Release|Any CPU.ActiveCfg = Release|Any CPU
		{179A920B-948C-441D-854D-6E23F34DCD7A}.Release|Any CPU.Build.0 = Release|Any CPU
		{E07BEE65-7237-4F76-81FD-6BE85F36C9E8}.Debug|Any CPU.ActiveCfg = Debug|Any CPU
		{E07BEE65-7237-4F76-81FD-6BE85F36C9E8}.Debug|Any CPU.Build.0 = Debug|Any CPU
		{E07BEE65-7237-4F76-81FD-6BE85F36C9E8}.Release|Any CPU.ActiveCfg = Release|Any CPU
		{E07BEE65-7237-4F76-81FD-6BE85F36C9E8}.Release|Any CPU.Build.0 = Release|Any CPU
	EndGlobalSection
	GlobalSection(SolutionProperties) = preSolution
		HideSolutionNode = FALSE
	EndGlobalSection
	GlobalSection(ExtensibilityGlobals) = postSolution
		SolutionGuid = {0F770936-2A6E-47E9-A1AE-F5C350FA1CE9}
	EndGlobalSection
EndGlobal
